# This file is generated by running "yarn install" inside your project.
# Manual changes might be lost - proceed with caution!

__metadata:
  version: 6

"mock-root@workspace:.":
  version: 0.0.0-use.local
  resolution: "mock-root@workspace:."
  languageName: unknown
  linkType: soft

"mock-test-a@workspace:workspaces/test-a":
  version: 0.0.0-use.local
  resolution: "mock-test-a@workspace:workspaces/test-a"
  dependencies:
    mock-test-b: "workspace:*"
    mock-test-c: "workspace:*"
  languageName: unknown
  linkType: soft

"mock-test-b@workspace:*, mock-test-b@workspace:workspaces/test-b":
  version: 0.0.0-use.local
  resolution: "mock-test-b@workspace:workspaces/test-b"
  dependencies:
    mock-test-c: "workspace:*"
    mock-test-d: "workspace:*"
  languageName: unknown
  linkType: soft

"mock-test-c@workspace:*, mock-test-c@workspace:workspaces/test-c":
  version: 0.0.0-use.local
  resolution: "mock-test-c@workspace:workspaces/test-c"
  dependencies:
    mock-test-d: "workspace:*"
  languageName: unknown
  linkType: soft

"mock-test-d@workspace:*, mock-test-d@workspace:workspaces/test-d":
  version: 0.0.0-use.local
  resolution: "mock-test-d@workspace:workspaces/test-d"
  languageName: unknown
  linkType: soft
